
Microsoft Visual Studio Solution File, Format Version 12.00
# Visual Studio 14
VisualStudioVersion = 14.0.25420.1
MinimumVisualStudioVersion = 10.0.40219.1
Project("{8BC9CEB8-8B4A-11D0-8D11-00A0C91BC942}") = "SlingshotCore", "SlingshotCore\SlingshotCore.vcxproj", "{F7B55575-B04B-41A3-B12F-EC8E58C4040C}"
EndProject
Project("{8BC9CEB8-8B4A-11D0-8D11-00A0C91BC942}") = "SlingshotDLL", "SlingshotDLL\SlingshotDLL.vcxproj", "{426D3FC9-1B42-4CE1-A14E-CCCCC973697D}"
	ProjectSection(ProjectDependencies) = postProject
		{F7B55575-B04B-41A3-B12F-EC8E58C4040C} = {F7B55575-B04B-41A3-B12F-EC8E58C4040C}
	EndProjectSection
EndProject
Project("{8BC9CEB8-8B4A-11D0-8D11-00A0C91BC942}") = "SlingshotEXE", "SlingshotEXE\SlingshotEXE.vcxproj", "{16C45197-6761-44A9-A2EB-A6DC57BE6669}"
	ProjectSection(ProjectDependencies) = postProject
		{F7B55575-B04B-41A3-B12F-EC8E58C4040C} = {F7B55575-B04B-41A3-B12F-EC8E58C4040C}
	EndProjectSection
EndProject
Project("{2150E333-8FDC-42A3-9474-1A3956D46DE8}") = "Modules", "Modules", "{0EB24885-4FC9-455B-8436-1BE6D10DC324}"
EndProject
Project("{8BC9CEB8-8B4A-11D0-8D11-00A0C91BC942}") = "Keylogger", "Keylogger\Keylogger.vcxproj", "{A6D02BED-1824-4EAF-8E11-E57FBCBF8D4A}"
EndProject
Global
	GlobalSection(SolutionConfigurationPlatforms) = preSolution
		Debug|Any CPU = Debug|Any CPU
		Debug|x64 = Debug|x64
		Debug|x86 = Debug|x86
		Release|Any CPU = Release|Any CPU
		Release|x64 = Release|x64
		Release|x86 = Release|x86
		SMB_D|Any CPU = SMB_D|Any CPU
		SMB_D|x64 = SMB_D|x64
		SMB_D|x86 = SMB_D|x86
		SMB|Any CPU = SMB|Any CPU
		SMB|x64 = SMB|x64
		SMB|x86 = SMB|x86
	EndGlobalSection
	GlobalSection(ProjectConfigurationPlatforms) = postSolution
		{F7B55575-B04B-41A3-B12F-EC8E58C4040C}.Debug|Any CPU.ActiveCfg = Debug|Win32
		{F7B55575-B04B-41A3-B12F-EC8E58C4040C}.Debug|x64.ActiveCfg = Debug|x64
		{F7B55575-B04B-41A3-B12F-EC8E58C4040C}.Debug|x64.Build.0 = Debug|x64
		{F7B55575-B04B-41A3-B12F-EC8E58C4040C}.Debug|x86.ActiveCfg = Debug|Win32
		{F7B55575-B04B-41A3-B12F-EC8E58C4040C}.Debug|x86.Build.0 = Debug|Win32
		{F7B55575-B04B-41A3-B12F-EC8E58C4040C}.Release|Any CPU.ActiveCfg = Release|Win32
		{F7B55575-B04B-41A3-B12F-EC8E58C4040C}.Release|x64.ActiveCfg = Release|x64
		{F7B55575-B04B-41A3-B12F-EC8E58C4040C}.Release|x64.Build.0 = Release|x64
		{F7B55575-B04B-41A3-B12F-EC8E58C4040C}.Release|x86.ActiveCfg = Release|Win32
		{F7B55575-B04B-41A3-B12F-EC8E58C4040C}.Release|x86.Build.0 = Release|Win32
		{F7B55575-B04B-41A3-B12F-EC8E58C4040C}.SMB_D|Any CPU.ActiveCfg = SMB_D|Win32
		{F7B55575-B04B-41A3-B12F-EC8E58C4040C}.SMB_D|x64.ActiveCfg = SMB_D|x64
		{F7B55575-B04B-41A3-B12F-EC8E58C4040C}.SMB_D|x64.Build.0 = SMB_D|x64
		{F7B55575-B04B-41A3-B12F-EC8E58C4040C}.SMB_D|x86.ActiveCfg = SMB_D|Win32
		{F7B55575-B04B-41A3-B12F-EC8E58C4040C}.SMB_D|x86.Build.0 = SMB_D|Win32
		{F7B55575-B04B-41A3-B12F-EC8E58C4040C}.SMB|Any CPU.ActiveCfg = SMB|Win32
		{F7B55575-B04B-41A3-B12F-EC8E58C4040C}.SMB|x64.ActiveCfg = SMB|x64
		{F7B55575-B04B-41A3-B12F-EC8E58C4040C}.SMB|x64.Build.0 = SMB|x64
		{F7B55575-B04B-41A3-B12F-EC8E58C4040C}.SMB|x86.ActiveCfg = SMB|Win32
		{F7B55575-B04B-41A3-B12F-EC8E58C4040C}.SMB|x86.Build.0 = SMB|Win32
		{426D3FC9-1B42-4CE1-A14E-CCCCC973697D}.Debug|Any CPU.ActiveCfg = Debug|Win32
		{426D3FC9-1B42-4CE1-A14E-CCCCC973697D}.Debug|x64.ActiveCfg = Debug|x64
		{426D3FC9-1B42-4CE1-A14E-CCCCC973697D}.Debug|x64.Build.0 = Debug|x64
		{426D3FC9-1B42-4CE1-A14E-CCCCC973697D}.Debug|x86.ActiveCfg = Debug|Win32
		{426D3FC9-1B42-4CE1-A14E-CCCCC973697D}.Debug|x86.Build.0 = Debug|Win32
		{426D3FC9-1B42-4CE1-A14E-CCCCC973697D}.Release|Any CPU.ActiveCfg = Release|Win32
		{426D3FC9-1B42-4CE1-A14E-CCCCC973697D}.Release|x64.ActiveCfg = Release|x64
		{426D3FC9-1B42-4CE1-A14E-CCCCC973697D}.Release|x64.Build.0 = Release|x64
		{426D3FC9-1B42-4CE1-A14E-CCCCC973697D}.Release|x86.ActiveCfg = Release|Win32
		{426D3FC9-1B42-4CE1-A14E-CCCCC973697D}.Release|x86.Build.0 = Release|Win32
		{426D3FC9-1B42-4CE1-A14E-CCCCC973697D}.SMB_D|Any CPU.ActiveCfg = SMB_D|Win32
		{426D3FC9-1B42-4CE1-A14E-CCCCC973697D}.SMB_D|x64.ActiveCfg = SMB_D|x64
		{426D3FC9-1B42-4CE1-A14E-CCCCC973697D}.SMB_D|x64.Build.0 = SMB_D|x64
		{426D3FC9-1B42-4CE1-A14E-CCCCC973697D}.SMB_D|x86.ActiveCfg = SMB_D|Win32
		{426D3FC9-1B42-4CE1-A14E-CCCCC973697D}.SMB_D|x86.Build.0 = SMB_D|Win32
		{426D3FC9-1B42-4CE1-A14E-CCCCC973697D}.SMB|Any CPU.ActiveCfg = SMB|Win32
		{426D3FC9-1B42-4CE1-A14E-CCCCC973697D}.SMB|x64.ActiveCfg = SMB|x64
		{426D3FC9-1B42-4CE1-A14E-CCCCC973697D}.SMB|x64.Build.0 = SMB|x64
		{426D3FC9-1B42-4CE1-A14E-CCCCC973697D}.SMB|x86.ActiveCfg = SMB|Win32
		{426D3FC9-1B42-4CE1-A14E-CCCCC973697D}.SMB|x86.Build.0 = SMB|Win32
		{16C45197-6761-44A9-A2EB-A6DC57BE6669}.Debug|Any CPU.ActiveCfg = Debug|Win32
		{16C45197-6761-44A9-A2EB-A6DC57BE6669}.Debug|x64.ActiveCfg = Debug|x64
		{16C45197-6761-44A9-A2EB-A6DC57BE6669}.Debug|x64.Build.0 = Debug|x64
		{16C45197-6761-44A9-A2EB-A6DC57BE6669}.Debug|x86.ActiveCfg = Debug|Win32
		{16C45197-6761-44A9-A2EB-A6DC57BE6669}.Debug|x86.Build.0 = Debug|Win32
		{16C45197-6761-44A9-A2EB-A6DC57BE6669}.Release|Any CPU.ActiveCfg = Release|Win32
		{16C45197-6761-44A9-A2EB-A6DC57BE6669}.Release|x64.ActiveCfg = Release|x64
		{16C45197-6761-44A9-A2EB-A6DC57BE6669}.Release|x64.Build.0 = Release|x64
		{16C45197-6761-44A9-A2EB-A6DC57BE6669}.Release|x86.ActiveCfg = Release|Win32
		{16C45197-6761-44A9-A2EB-A6DC57BE6669}.Release|x86.Build.0 = Release|Win32
		{16C45197-6761-44A9-A2EB-A6DC57BE6669}.SMB_D|Any CPU.ActiveCfg = SMB_D|Win32
		{16C45197-6761-44A9-A2EB-A6DC57BE6669}.SMB_D|x64.ActiveCfg = SMB_D|x64
		{16C45197-6761-44A9-A2EB-A6DC57BE6669}.SMB_D|x64.Build.0 = SMB_D|x64
		{16C45197-6761-44A9-A2EB-A6DC57BE6669}.SMB_D|x86.ActiveCfg = SMB_D|Win32
		{16C45197-6761-44A9-A2EB-A6DC57BE6669}.SMB_D|x86.Build.0 = SMB_D|Win32
		{16C45197-6761-44A9-A2EB-A6DC57BE6669}.SMB|Any CPU.ActiveCfg = SMB|Win32
		{16C45197-6761-44A9-A2EB-A6DC57BE6669}.SMB|x64.ActiveCfg = SMB|x64
		{16C45197-6761-44A9-A2EB-A6DC57BE6669}.SMB|x64.Build.0 = SMB|x64
		{16C45197-6761-44A9-A2EB-A6DC57BE6669}.SMB|x86.ActiveCfg = SMB|Win32
		{16C45197-6761-44A9-A2EB-A6DC57BE6669}.SMB|x86.Build.0 = SMB|Win32
		{A6D02BED-1824-4EAF-8E11-E57FBCBF8D4A}.Debug|Any CPU.ActiveCfg = Debug|Win32
		{A6D02BED-1824-4EAF-8E11-E57FBCBF8D4A}.Debug|x64.ActiveCfg = Release|x64
		{A6D02BED-1824-4EAF-8E11-E57FBCBF8D4A}.Debug|x64.Build.0 = Release|x64
		{A6D02BED-1824-4EAF-8E11-E57FBCBF8D4A}.Debug|x86.ActiveCfg = Release|Win32
		{A6D02BED-1824-4EAF-8E11-E57FBCBF8D4A}.Debug|x86.Build.0 = Release|Win32
		{A6D02BED-1824-4EAF-8E11-E57FBCBF8D4A}.Release|Any CPU.ActiveCfg = Release|Win32
		{A6D02BED-1824-4EAF-8E11-E57FBCBF8D4A}.Release|x64.ActiveCfg = Release|x64
		{A6D02BED-1824-4EAF-8E11-E57FBCBF8D4A}.Release|x64.Build.0 = Release|x64
		{A6D02BED-1824-4EAF-8E11-E57FBCBF8D4A}.Release|x86.ActiveCfg = Release|Win32
		{A6D02BED-1824-4EAF-8E11-E57FBCBF8D4A}.Release|x86.Build.0 = Release|Win32
		{A6D02BED-1824-4EAF-8E11-E57FBCBF8D4A}.SMB_D|Any CPU.ActiveCfg = Release|x64
		{A6D02BED-1824-4EAF-8E11-E57FBCBF8D4A}.SMB_D|Any CPU.Build.0 = Release|x64
		{A6D02BED-1824-4EAF-8E11-E57FBCBF8D4A}.SMB_D|x64.ActiveCfg = Release|x64
		{A6D02BED-1824-4EAF-8E11-E57FBCBF8D4A}.SMB_D|x64.Build.0 = Release|x64
		{A6D02BED-1824-4EAF-8E11-E57FBCBF8D4A}.SMB_D|x86.ActiveCfg = Release|Win32
		{A6D02BED-1824-4EAF-8E11-E57FBCBF8D4A}.SMB_D|x86.Build.0 = Release|Win32
		{A6D02BED-1824-4EAF-8E11-E57FBCBF8D4A}.SMB|Any CPU.ActiveCfg = Release|x64
		{A6D02BED-1824-4EAF-8E11-E57FBCBF8D4A}.SMB|Any CPU.Build.0 = Release|x64
		{A6D02BED-1824-4EAF-8E11-E57FBCBF8D4A}.SMB|x64.ActiveCfg = Release|x64
		{A6D02BED-1824-4EAF-8E11-E57FBCBF8D4A}.SMB|x64.Build.0 = Release|x64
		{A6D02BED-1824-4EAF-8E11-E57FBCBF8D4A}.SMB|x86.ActiveCfg = Release|Win32
		{A6D02BED-1824-4EAF-8E11-E57FBCBF8D4A}.SMB|x86.Build.0 = Release|Win32
	EndGlobalSection
	GlobalSection(SolutionProperties) = preSolution
		HideSolutionNode = FALSE
	EndGlobalSection
	GlobalSection(NestedProjects) = preSolution
		{A6D02BED-1824-4EAF-8E11-E57FBCBF8D4A} = {0EB24885-4FC9-455B-8436-1BE6D10DC324}
	EndGlobalSection
EndGlobal
